{
  "name": "youtube-comments",
  "version": "0.3.0",
  "lockfileVersion": 2,
  "requires": true,
  "packages": {
    "": {
      "name": "youtube-comments",
      "version": "0.3.0",
      "license": "ISC",
      "dependencies": {
        "@freetube/yt-comment-scraper": "^6.1.0"
      }
    },
    "node_modules/@freetube/yt-comment-scraper": {
      "version": "6.1.0",
      "resolved": "https://registry.npmjs.org/@freetube/yt-comment-scraper/-/yt-comment-scraper-6.1.0.tgz",
      "integrity": "sha512-Cj6Of7DPkTH1ax1AcaOn0xul179YsnfaNNoH11lQ4xUxUrmtf70Qj04+FDI+7/O/qsOR3RMq1mreCvM6BQI6Aw==",
      "dependencies": {
        "axios": "^0.21.1"
      }
    },
    "node_modules/axios": {
      "version": "0.21.4",
      "resolved": "https://registry.npmjs.org/axios/-/axios-0.21.4.tgz",
      "integrity": "sha512-ut5vewkiu8jjGBdqpM44XxjuCjq9LAKeHVmoVfHVzy8eHgxxq8SbAVQNovDA8mVi05kP0Ea/n/UzcSHcTJQfNg==",
      "dependencies": {
        "follow-redirects": "^1.14.0"
      }
    },
    "node_modules/follow-redirects": {
      "version": "1.15.1",
      "resolved": "https://registry.npmjs.org/follow-redirects/-/follow-redirects-1.15.1.tgz",
      "integrity": "sha512-yLAMQs+k0b2m7cVxpS1VKJVvoz7SS9Td1zss3XRwXj+ZDH00RJgnuLx7E44wx02kQLrdM3aOOy+FpzS7+8OizA==",
      "funding": [
        {
          "type": "individual",
          "url": "https://github.com/sponsors/RubenVerborgh"
        }
      ],
      "engines": {
        "node": ">=4.0"
      },
      "peerDependenciesMeta": {
        "debug": {
          "optional": true
        }
      }
    }
  },
  "dependencies": {
    "@freetube/yt-comment-scraper": {
      "version": "6.1.0",
      "resolved": "https://registry.npmjs.org/@freetube/yt-comment-scraper/-/yt-comment-scraper-6.1.0.tgz",
      "integrity": "sha512-Cj6Of7DPkTH1ax1AcaOn0xul179YsnfaNNoH11lQ4xUxUrmtf70Qj04+FDI+7/O/qsOR3RMq1mreCvM6BQI6Aw==",
      "requires": {
        "axios": "^0.21.1"
      }
    },
    "axios": {
      "version": "0.21.4",
      "resolved": "https://registry.npmjs.org/axios/-/axios-0.21.4.tgz",
      "integrity": "sha512-ut5vewkiu8jjGBdqpM44XxjuCjq9LAKeHVmoVfHVzy8eHgxxq8SbAVQNovDA8mVi05kP0Ea/n/UzcSHcTJQfNg==",
      "requires": {
        "follow-redirects": "^1.14.0"
      }
    },
    "follow-redirects": {
      "version": "1.15.1",
      "resolved": "https://registry.npmjs.org/follow-redirects/-/follow-redirects-1.15.1.tgz",
      "integrity": "sha512-yLAMQs+k0b2m7cVxpS1VKJVvoz7SS9Td1zss3XRwXj+ZDH00RJgnuLx7E44wx02kQLrdM3aOOy+FpzS7+8OizA=="
    }
  }
}
